
Microsoft Visual Studio Solution File, Format Version 12.00
Project("{FAE04EC0-301F-11D3-BF4B-00C04F79EFBC}") = "InfinityAmmo", "InfinityAmmo\InfinityAmmo.csproj", "{089037D0-FEDF-4DC0-90D7-96BD0557087D}"
EndProject
Global
	GlobalSection(SolutionConfigurationPlatforms) = preSolution
		Debug|Any CPU = Debug|Any CPU
		Release|Any CPU = Release|Any CPU
	EndGlobalSection
	GlobalSection(ProjectConfigurationPlatforms) = postSolution
		{089037D0-FEDF-4DC0-90D7-96BD0557087D}.Debug|Any CPU.ActiveCfg = Debug|Any CPU
		{089037D0-FEDF-4DC0-90D7-96BD0557087D}.Debug|Any CPU.Build.0 = Debug|Any CPU
		{089037D0-FEDF-4DC0-90D7-96BD0557087D}.Release|Any CPU.ActiveCfg = Release|Any CPU
		{089037D0-FEDF-4DC0-90D7-96BD0557087D}.Release|Any CPU.Build.0 = Release|Any CPU
	EndGlobalSection
EndGlobal
